
Microsoft Visual Studio Solution File, Format Version 12.00
# Visual Studio 14
VisualStudioVersion = 14.0.25420.1
MinimumVisualStudioVersion = 10.0.40219.1
Project("{FAE04EC0-301F-11D3-BF4B-00C04F79EFBC}") = "TrivialSms2Mail", "TrivialSms2Mail\TrivialSms2Mail.csproj", "{784C1D68-DD99-4CB3-9738-08F6498FDCFB}"
EndProject
Global
	GlobalSection(SolutionConfigurationPlatforms) = preSolution
		Debug|Any CPU = Debug|Any CPU
		Release|Any CPU = Release|Any CPU
	EndGlobalSection
	GlobalSection(ProjectConfigurationPlatforms) = postSolution
		{784C1D68-DD99-4CB3-9738-08F6498FDCFB}.Debug|Any CPU.ActiveCfg = Debug|Any CPU
		{784C1D68-DD99-4CB3-9738-08F6498FDCFB}.Debug|Any CPU.Build.0 = Debug|Any CPU
		{784C1D68-DD99-4CB3-9738-08F6498FDCFB}.Debug|Any CPU.Deploy.0 = Debug|Any CPU
		{784C1D68-DD99-4CB3-9738-08F6498FDCFB}.Release|Any CPU.ActiveCfg = Release|Any CPU
		{784C1D68-DD99-4CB3-9738-08F6498FDCFB}.Release|Any CPU.Build.0 = Release|Any CPU
		{784C1D68-DD99-4CB3-9738-08F6498FDCFB}.Release|Any CPU.Deploy.0 = Release|Any CPU
	EndGlobalSection
	GlobalSection(SolutionProperties) = preSolution
		HideSolutionNode = FALSE
	EndGlobalSection
EndGlobal
